# THIS IS AN AUTOGENERATED FILE. DO NOT EDIT THIS FILE DIRECTLY.
# yarn lockfile v1


simple-react-validator@^1.2.4:
  version "1.2.4"
  resolved "https://registry.yarnpkg.com/simple-react-validator/-/simple-react-validator-1.2.4.tgz#05366f9974f40479d36992ecf4ca083e25f0f0a0"
  integrity sha512-U2z0mLSlUfL0Oz47CAECn3AqImeqCKNVf3rVDzQnVFyRA1q5+SRoUoJU7E88XQP3b52V0blBr+iXAYqEieIY1g==
